
Microsoft Visual Studio Solution File, Format Version 11.00
# Visual Studio 2010
Project("{FAE04EC0-301F-11D3-BF4B-00C04F79EFBC}") = "ExamGenerator", "ExamGenerator\ExamGenerator.csproj", "{0345169C-67C1-4248-BD4D-53593B4A348C}"
EndProject
Global
	GlobalSection(SolutionConfigurationPlatforms) = preSolution
		Debug|Any CPU = Debug|Any CPU
		Release|Any CPU = Release|Any CPU
	EndGlobalSection
	GlobalSection(ProjectConfigurationPlatforms) = postSolution
		{0345169C-67C1-4248-BD4D-53593B4A348C}.Debug|Any CPU.ActiveCfg = Debug|Any CPU
		{0345169C-67C1-4248-BD4D-53593B4A348C}.Debug|Any CPU.Build.0 = Debug|Any CPU
		{0345169C-67C1-4248-BD4D-53593B4A348C}.Release|Any CPU.ActiveCfg = Release|Any CPU
		{0345169C-67C1-4248-BD4D-53593B4A348C}.Release|Any CPU.Build.0 = Release|Any CPU
	EndGlobalSection
	GlobalSection(SolutionProperties) = preSolution
		HideSolutionNode = FALSE
	EndGlobalSection
EndGlobal
