
Microsoft Visual Studio Solution File, Format Version 11.00
# Visual Studio 2010
Project("{FAE04EC0-301F-11D3-BF4B-00C04F79EFBC}") = "VectorDrawing", "VectorDrawing\VectorDrawing.csproj", "{FAAC84AD-14A3-4200-AA9B-C41A85D35BBF}"
EndProject
Global
	GlobalSection(SolutionConfigurationPlatforms) = preSolution
		Debug|Any CPU = Debug|Any CPU
		Release|Any CPU = Release|Any CPU
	EndGlobalSection
	GlobalSection(ProjectConfigurationPlatforms) = postSolution
		{FAAC84AD-14A3-4200-AA9B-C41A85D35BBF}.Debug|Any CPU.ActiveCfg = Debug|Any CPU
		{FAAC84AD-14A3-4200-AA9B-C41A85D35BBF}.Debug|Any CPU.Build.0 = Debug|Any CPU
		{FAAC84AD-14A3-4200-AA9B-C41A85D35BBF}.Release|Any CPU.ActiveCfg = Release|Any CPU
		{FAAC84AD-14A3-4200-AA9B-C41A85D35BBF}.Release|Any CPU.Build.0 = Release|Any CPU
	EndGlobalSection
	GlobalSection(SolutionProperties) = preSolution
		HideSolutionNode = FALSE
	EndGlobalSection
EndGlobal
