
Microsoft Visual Studio Solution File, Format Version 12.00
# Visual Studio 15
VisualStudioVersion = 15.0.27004.2010
MinimumVisualStudioVersion = 10.0.40219.1
Project("{9A19103F-16F7-4668-BE54-9A1E7A4F7556}") = "AuctionSite.Data", "AuctionSite.Data\AuctionSite.Data.csproj", "{89225359-C26E-40C9-93AF-2A8A552E9A6F}"
EndProject
Project("{FAE04EC0-301F-11D3-BF4B-00C04F79EFBC}") = "AuctionSite.Admin", "AuctionSite.Admin\AuctionSite.Admin.csproj", "{891992B0-5EE7-4EEF-A11E-915E2B75BAB3}"
	ProjectSection(ProjectDependencies) = postProject
		{89225359-C26E-40C9-93AF-2A8A552E9A6F} = {89225359-C26E-40C9-93AF-2A8A552E9A6F}
	EndProjectSection
EndProject
Project("{9A19103F-16F7-4668-BE54-9A1E7A4F7556}") = "AuctionSite", "AuctionSite.Service\AuctionSite\AuctionSite.csproj", "{45AEECD8-FC1A-48F0-8798-96C01C6E0EE7}"
	ProjectSection(ProjectDependencies) = postProject
		{89225359-C26E-40C9-93AF-2A8A552E9A6F} = {89225359-C26E-40C9-93AF-2A8A552E9A6F}
	EndProjectSection
EndProject
Project("{FAE04EC0-301F-11D3-BF4B-00C04F79EFBC}") = "AuctionSite.Test", "AuctionSite.Test\AuctionSite.Test.csproj", "{E22AEA37-A5AB-48E0-9BB6-2D1890B58EF9}"
	ProjectSection(ProjectDependencies) = postProject
		{89225359-C26E-40C9-93AF-2A8A552E9A6F} = {89225359-C26E-40C9-93AF-2A8A552E9A6F}
		{45AEECD8-FC1A-48F0-8798-96C01C6E0EE7} = {45AEECD8-FC1A-48F0-8798-96C01C6E0EE7}
	EndProjectSection
EndProject
Global
	GlobalSection(SolutionConfigurationPlatforms) = preSolution
		Debug|Any CPU = Debug|Any CPU
		Release|Any CPU = Release|Any CPU
	EndGlobalSection
	GlobalSection(ProjectConfigurationPlatforms) = postSolution
		{89225359-C26E-40C9-93AF-2A8A552E9A6F}.Debug|Any CPU.ActiveCfg = Debug|Any CPU
		{89225359-C26E-40C9-93AF-2A8A552E9A6F}.Debug|Any CPU.Build.0 = Debug|Any CPU
		{89225359-C26E-40C9-93AF-2A8A552E9A6F}.Release|Any CPU.ActiveCfg = Release|Any CPU
		{89225359-C26E-40C9-93AF-2A8A552E9A6F}.Release|Any CPU.Build.0 = Release|Any CPU
		{891992B0-5EE7-4EEF-A11E-915E2B75BAB3}.Debug|Any CPU.ActiveCfg = Debug|Any CPU
		{891992B0-5EE7-4EEF-A11E-915E2B75BAB3}.Debug|Any CPU.Build.0 = Debug|Any CPU
		{891992B0-5EE7-4EEF-A11E-915E2B75BAB3}.Release|Any CPU.ActiveCfg = Release|Any CPU
		{891992B0-5EE7-4EEF-A11E-915E2B75BAB3}.Release|Any CPU.Build.0 = Release|Any CPU
		{45AEECD8-FC1A-48F0-8798-96C01C6E0EE7}.Debug|Any CPU.ActiveCfg = Debug|Any CPU
		{45AEECD8-FC1A-48F0-8798-96C01C6E0EE7}.Debug|Any CPU.Build.0 = Debug|Any CPU
		{45AEECD8-FC1A-48F0-8798-96C01C6E0EE7}.Release|Any CPU.ActiveCfg = Release|Any CPU
		{45AEECD8-FC1A-48F0-8798-96C01C6E0EE7}.Release|Any CPU.Build.0 = Release|Any CPU
		{E22AEA37-A5AB-48E0-9BB6-2D1890B58EF9}.Debug|Any CPU.ActiveCfg = Debug|Any CPU
		{E22AEA37-A5AB-48E0-9BB6-2D1890B58EF9}.Debug|Any CPU.Build.0 = Debug|Any CPU
		{E22AEA37-A5AB-48E0-9BB6-2D1890B58EF9}.Release|Any CPU.ActiveCfg = Release|Any CPU
		{E22AEA37-A5AB-48E0-9BB6-2D1890B58EF9}.Release|Any CPU.Build.0 = Release|Any CPU
	EndGlobalSection
	GlobalSection(SolutionProperties) = preSolution
		HideSolutionNode = FALSE
	EndGlobalSection
	GlobalSection(ExtensibilityGlobals) = postSolution
		SolutionGuid = {739010B4-E785-4A1B-8C60-BDFE173448AB}
	EndGlobalSection
EndGlobal
