
Microsoft Visual Studio Solution File, Format Version 12.00
# Visual Studio 2013
VisualStudioVersion = 12.0.21005.1
MinimumVisualStudioVersion = 10.0.40219.1
Project("{FAE04EC0-301F-11D3-BF4B-00C04F79EFBC}") = "TicTacToeGame.View.Drawing", "TicTacToeGame.View.Drawing\TicTacToeGame.View.Drawing.csproj", "{52809A36-484F-4B82-9CF8-FF21F3BFADD1}"
EndProject
Project("{FAE04EC0-301F-11D3-BF4B-00C04F79EFBC}") = "TicTacToeGame.Model", "TicTacToeGame.Model\TicTacToeGame.Model.csproj", "{A549BFA3-F785-4DAE-B9E6-91177A8944C8}"
EndProject
Project("{FAE04EC0-301F-11D3-BF4B-00C04F79EFBC}") = "TicTacToeGame.Persistence", "TicTacToeGame.Persistence\TicTacToeGame.Persistence.csproj", "{F0553C5A-DABB-4CE6-848A-8047B409B505}"
EndProject
Project("{FAE04EC0-301F-11D3-BF4B-00C04F79EFBC}") = "TicTacToeGame.Persistence.Text", "TicTacToeGame.Persistence.Text\TicTacToeGame.Persistence.Text.csproj", "{F2A31DBC-E66A-433D-8F59-9E46F6471FB6}"
EndProject
Global
	GlobalSection(SolutionConfigurationPlatforms) = preSolution
		Debug|Any CPU = Debug|Any CPU
		Debug|Mixed Platforms = Debug|Mixed Platforms
		Debug|x86 = Debug|x86
		Release|Any CPU = Release|Any CPU
		Release|Mixed Platforms = Release|Mixed Platforms
		Release|x86 = Release|x86
	EndGlobalSection
	GlobalSection(ProjectConfigurationPlatforms) = postSolution
		{52809A36-484F-4B82-9CF8-FF21F3BFADD1}.Debug|Any CPU.ActiveCfg = Debug|x86
		{52809A36-484F-4B82-9CF8-FF21F3BFADD1}.Debug|Mixed Platforms.ActiveCfg = Debug|x86
		{52809A36-484F-4B82-9CF8-FF21F3BFADD1}.Debug|Mixed Platforms.Build.0 = Debug|x86
		{52809A36-484F-4B82-9CF8-FF21F3BFADD1}.Debug|x86.ActiveCfg = Debug|x86
		{52809A36-484F-4B82-9CF8-FF21F3BFADD1}.Debug|x86.Build.0 = Debug|x86
		{52809A36-484F-4B82-9CF8-FF21F3BFADD1}.Release|Any CPU.ActiveCfg = Release|x86
		{52809A36-484F-4B82-9CF8-FF21F3BFADD1}.Release|Mixed Platforms.ActiveCfg = Release|x86
		{52809A36-484F-4B82-9CF8-FF21F3BFADD1}.Release|Mixed Platforms.Build.0 = Release|x86
		{52809A36-484F-4B82-9CF8-FF21F3BFADD1}.Release|x86.ActiveCfg = Release|x86
		{52809A36-484F-4B82-9CF8-FF21F3BFADD1}.Release|x86.Build.0 = Release|x86
		{A549BFA3-F785-4DAE-B9E6-91177A8944C8}.Debug|Any CPU.ActiveCfg = Debug|Any CPU
		{A549BFA3-F785-4DAE-B9E6-91177A8944C8}.Debug|Any CPU.Build.0 = Debug|Any CPU
		{A549BFA3-F785-4DAE-B9E6-91177A8944C8}.Debug|Mixed Platforms.ActiveCfg = Debug|Any CPU
		{A549BFA3-F785-4DAE-B9E6-91177A8944C8}.Debug|Mixed Platforms.Build.0 = Debug|Any CPU
		{A549BFA3-F785-4DAE-B9E6-91177A8944C8}.Debug|x86.ActiveCfg = Debug|Any CPU
		{A549BFA3-F785-4DAE-B9E6-91177A8944C8}.Release|Any CPU.ActiveCfg = Release|Any CPU
		{A549BFA3-F785-4DAE-B9E6-91177A8944C8}.Release|Any CPU.Build.0 = Release|Any CPU
		{A549BFA3-F785-4DAE-B9E6-91177A8944C8}.Release|Mixed Platforms.ActiveCfg = Release|Any CPU
		{A549BFA3-F785-4DAE-B9E6-91177A8944C8}.Release|Mixed Platforms.Build.0 = Release|Any CPU
		{A549BFA3-F785-4DAE-B9E6-91177A8944C8}.Release|x86.ActiveCfg = Release|Any CPU
		{F0553C5A-DABB-4CE6-848A-8047B409B505}.Debug|Any CPU.ActiveCfg = Debug|Any CPU
		{F0553C5A-DABB-4CE6-848A-8047B409B505}.Debug|Any CPU.Build.0 = Debug|Any CPU
		{F0553C5A-DABB-4CE6-848A-8047B409B505}.Debug|Mixed Platforms.ActiveCfg = Debug|Any CPU
		{F0553C5A-DABB-4CE6-848A-8047B409B505}.Debug|Mixed Platforms.Build.0 = Debug|Any CPU
		{F0553C5A-DABB-4CE6-848A-8047B409B505}.Debug|x86.ActiveCfg = Debug|Any CPU
		{F0553C5A-DABB-4CE6-848A-8047B409B505}.Release|Any CPU.ActiveCfg = Release|Any CPU
		{F0553C5A-DABB-4CE6-848A-8047B409B505}.Release|Any CPU.Build.0 = Release|Any CPU
		{F0553C5A-DABB-4CE6-848A-8047B409B505}.Release|Mixed Platforms.ActiveCfg = Release|Any CPU
		{F0553C5A-DABB-4CE6-848A-8047B409B505}.Release|Mixed Platforms.Build.0 = Release|Any CPU
		{F0553C5A-DABB-4CE6-848A-8047B409B505}.Release|x86.ActiveCfg = Release|Any CPU
		{F2A31DBC-E66A-433D-8F59-9E46F6471FB6}.Debug|Any CPU.ActiveCfg = Debug|Any CPU
		{F2A31DBC-E66A-433D-8F59-9E46F6471FB6}.Debug|Any CPU.Build.0 = Debug|Any CPU
		{F2A31DBC-E66A-433D-8F59-9E46F6471FB6}.Debug|Mixed Platforms.ActiveCfg = Debug|Any CPU
		{F2A31DBC-E66A-433D-8F59-9E46F6471FB6}.Debug|Mixed Platforms.Build.0 = Debug|Any CPU
		{F2A31DBC-E66A-433D-8F59-9E46F6471FB6}.Debug|x86.ActiveCfg = Debug|Any CPU
		{F2A31DBC-E66A-433D-8F59-9E46F6471FB6}.Release|Any CPU.ActiveCfg = Release|Any CPU
		{F2A31DBC-E66A-433D-8F59-9E46F6471FB6}.Release|Any CPU.Build.0 = Release|Any CPU
		{F2A31DBC-E66A-433D-8F59-9E46F6471FB6}.Release|Mixed Platforms.ActiveCfg = Release|Any CPU
		{F2A31DBC-E66A-433D-8F59-9E46F6471FB6}.Release|Mixed Platforms.Build.0 = Release|Any CPU
		{F2A31DBC-E66A-433D-8F59-9E46F6471FB6}.Release|x86.ActiveCfg = Release|Any CPU
	EndGlobalSection
	GlobalSection(SolutionProperties) = preSolution
		HideSolutionNode = FALSE
	EndGlobalSection
EndGlobal
